
Microsoft Visual Studio Solution File, Format Version 12.00
# Visual Studio Version 17
VisualStudioVersion = 17.4.33213.308
MinimumVisualStudioVersion = 10.0.40219.1
Project("{9A19103F-16F7-4668-BE54-9A1E7A4F7556}") = "Week4Loops", "Week4Loops\Week4Loops.csproj", "{62992C16-20B1-4B26-8229-122ACB675BA8}"
EndProject
Project("{9A19103F-16F7-4668-BE54-9A1E7A4F7556}") = "ForLoopSum", "ForLoopSum\ForLoopSum.csproj", "{D2457FFD-DAB4-4760-B69C-0550BE7EFD32}"
EndProject
Project("{FAE04EC0-301F-11D3-BF4B-00C04F79EFBC}") = "RandomNumber", "RandomNumber\RandomNumber.csproj", "{62B4E566-C77D-459A-9A76-AA5D287FB6ED}"
EndProject
Project("{FAE04EC0-301F-11D3-BF4B-00C04F79EFBC}") = "WhileLoops", "WhileLoops\WhileLoops.csproj", "{6F357F80-801D-406B-8810-FD7839725A4A}"
EndProject
Global
	GlobalSection(SolutionConfigurationPlatforms) = preSolution
		Debug|Any CPU = Debug|Any CPU
		Release|Any CPU = Release|Any CPU
	EndGlobalSection
	GlobalSection(ProjectConfigurationPlatforms) = postSolution
		{62992C16-20B1-4B26-8229-122ACB675BA8}.Debug|Any CPU.ActiveCfg = Debug|Any CPU
		{62992C16-20B1-4B26-8229-122ACB675BA8}.Debug|Any CPU.Build.0 = Debug|Any CPU
		{62992C16-20B1-4B26-8229-122ACB675BA8}.Release|Any CPU.ActiveCfg = Release|Any CPU
		{62992C16-20B1-4B26-8229-122ACB675BA8}.Release|Any CPU.Build.0 = Release|Any CPU
		{D2457FFD-DAB4-4760-B69C-0550BE7EFD32}.Debug|Any CPU.ActiveCfg = Debug|Any CPU
		{D2457FFD-DAB4-4760-B69C-0550BE7EFD32}.Debug|Any CPU.Build.0 = Debug|Any CPU
		{D2457FFD-DAB4-4760-B69C-0550BE7EFD32}.Release|Any CPU.ActiveCfg = Release|Any CPU
		{D2457FFD-DAB4-4760-B69C-0550BE7EFD32}.Release|Any CPU.Build.0 = Release|Any CPU
		{62B4E566-C77D-459A-9A76-AA5D287FB6ED}.Debug|Any CPU.ActiveCfg = Debug|Any CPU
		{62B4E566-C77D-459A-9A76-AA5D287FB6ED}.Debug|Any CPU.Build.0 = Debug|Any CPU
		{62B4E566-C77D-459A-9A76-AA5D287FB6ED}.Release|Any CPU.ActiveCfg = Release|Any CPU
		{62B4E566-C77D-459A-9A76-AA5D287FB6ED}.Release|Any CPU.Build.0 = Release|Any CPU
		{6F357F80-801D-406B-8810-FD7839725A4A}.Debug|Any CPU.ActiveCfg = Debug|Any CPU
		{6F357F80-801D-406B-8810-FD7839725A4A}.Debug|Any CPU.Build.0 = Debug|Any CPU
		{6F357F80-801D-406B-8810-FD7839725A4A}.Release|Any CPU.ActiveCfg = Release|Any CPU
		{6F357F80-801D-406B-8810-FD7839725A4A}.Release|Any CPU.Build.0 = Release|Any CPU
	EndGlobalSection
	GlobalSection(SolutionProperties) = preSolution
		HideSolutionNode = FALSE
	EndGlobalSection
	GlobalSection(ExtensibilityGlobals) = postSolution
		SolutionGuid = {6728EC15-7DE5-4701-B859-4FC0105E36B2}
	EndGlobalSection
EndGlobal
